
Microsoft Visual Studio Solution File, Format Version 12.00
# Visual Studio Version 16
VisualStudioVersion = 16.0.33801.447
MinimumVisualStudioVersion = 10.0.40219.1
Project("{8BC9CEB8-8B4A-11D0-8D11-00A0C91BC942}") = "chapter18", "chapter18.vcxproj", "{6769BC7A-814C-4489-A033-DB8D56E6CC18}"
EndProject
Global
	GlobalSection(SolutionConfigurationPlatforms) = preSolution
		Debug|x64 = Debug|x64
		Debug|x86 = Debug|x86
		Release|x64 = Release|x64
		Release|x86 = Release|x86
	EndGlobalSection
	GlobalSection(ProjectConfigurationPlatforms) = postSolution
		{6769BC7A-814C-4489-A033-DB8D56E6CC18}.Debug|x64.ActiveCfg = Debug|x64
		{6769BC7A-814C-4489-A033-DB8D56E6CC18}.Debug|x64.Build.0 = Debug|x64
		{6769BC7A-814C-4489-A033-DB8D56E6CC18}.Debug|x86.ActiveCfg = Debug|Win32
		{6769BC7A-814C-4489-A033-DB8D56E6CC18}.Debug|x86.Build.0 = Debug|Win32
		{6769BC7A-814C-4489-A033-DB8D56E6CC18}.Release|x64.ActiveCfg = Release|x64
		{6769BC7A-814C-4489-A033-DB8D56E6CC18}.Release|x64.Build.0 = Release|x64
		{6769BC7A-814C-4489-A033-DB8D56E6CC18}.Release|x86.ActiveCfg = Release|Win32
		{6769BC7A-814C-4489-A033-DB8D56E6CC18}.Release|x86.Build.0 = Release|Win32
	EndGlobalSection
	GlobalSection(SolutionProperties) = preSolution
		HideSolutionNode = FALSE
	EndGlobalSection
	GlobalSection(ExtensibilityGlobals) = postSolution
		SolutionGuid = {D4C0EAD2-B168-4B01-9730-EF755E5A285B}
	EndGlobalSection
EndGlobal
