
Microsoft Visual Studio Solution File, Format Version 12.00
# Visual Studio Version 16
VisualStudioVersion = 16.0.33801.447
MinimumVisualStudioVersion = 10.0.40219.1
Project("{8BC9CEB8-8B4A-11D0-8D11-00A0C91BC942}") = "chapter6", "chapter6.vcxproj", "{C3FB67EE-3C34-4539-80BD-4771EA7B5817}"
EndProject
Global
	GlobalSection(SolutionConfigurationPlatforms) = preSolution
		Debug|x64 = Debug|x64
		Debug|x86 = Debug|x86
		Release|x64 = Release|x64
		Release|x86 = Release|x86
	EndGlobalSection
	GlobalSection(ProjectConfigurationPlatforms) = postSolution
		{C3FB67EE-3C34-4539-80BD-4771EA7B5817}.Debug|x64.ActiveCfg = Debug|x64
		{C3FB67EE-3C34-4539-80BD-4771EA7B5817}.Debug|x64.Build.0 = Debug|x64
		{C3FB67EE-3C34-4539-80BD-4771EA7B5817}.Debug|x86.ActiveCfg = Debug|Win32
		{C3FB67EE-3C34-4539-80BD-4771EA7B5817}.Debug|x86.Build.0 = Debug|Win32
		{C3FB67EE-3C34-4539-80BD-4771EA7B5817}.Release|x64.ActiveCfg = Release|x64
		{C3FB67EE-3C34-4539-80BD-4771EA7B5817}.Release|x64.Build.0 = Release|x64
		{C3FB67EE-3C34-4539-80BD-4771EA7B5817}.Release|x86.ActiveCfg = Release|Win32
		{C3FB67EE-3C34-4539-80BD-4771EA7B5817}.Release|x86.Build.0 = Release|Win32
	EndGlobalSection
	GlobalSection(SolutionProperties) = preSolution
		HideSolutionNode = FALSE
	EndGlobalSection
	GlobalSection(ExtensibilityGlobals) = postSolution
		SolutionGuid = {06212842-16CD-48DA-A2BA-B2F9B9BF25C0}
	EndGlobalSection
EndGlobal
